github.com/Masterminds/semver/v3 v3.2.0 h1:3MEsd0SM6jqZojhjLWWeBY+Kcjy9i6MQAeY7YgDP83g=
github.com/Masterminds/semver/v3 v3.2.0/go.mod h1:qvl/7zhW3nngYb5+80sSMF+FG2BjYrf8m9wsX0PNOMQ=
github.com/Masterminds/semver/v3 v3.2.1 h1:RN9w6+7QoMeJVGyfmbcgs28Br8cvmnucEXnY0rYXWg0=
github.com/Masterminds/semver/v3 v3.2.1/go.mod h1:qvl/7zhW3nngYb5+80sSMF+FG2BjYrf8m9wsX0PNOMQ=
github.com/aws/constructs-go/constructs/v10 v10.1.167 h1:9qy6KEHleT8/4UDSTspRRd82h+MKDxcCqwEG3R23Tyo=
github.com/aws/constructs-go/constructs/v10 v10.1.167/go.mod h1:UXHdJzEYgQPF75bdwT+sWUqMKhXQgW/65MIxFI/ulmE=
github.com/aws/constructs-go/constructs/v10 v10.2.52 h1:F1c9dJgIyWJOEgO0j+P3kV+B2Zfq3z0gNPFXdOnKA14=
github.com/aws/constructs-go/constructs/v10 v10.2.52/go.mod h1:qX/p30/tAfbvCxNCcqYD5jyPzrJdx91hs365qtPwLwk=
github.com/aws/jsii-runtime-go v1.79.0 h1:iYNJR1RCCba6N/vrzT9pNKC1gPDbLYGJV1YLn5pqTPA=
github.com/aws/jsii-runtime-go v1.79.0/go.mod h1:4IGCggNIyxe54k/INmsXrEjx9hUYQGw2W7a1I5x6l78=
github.com/aws/jsii-runtime-go v1.84.0 h1:ZvOKkGKQBZC8qrlM3qi2hXnbnqI64o3WtVw5ZVd/q9s=
github.com/aws/jsii-runtime-go v1.84.0/go.mod h1:sZ4/oNiaZBQFkzGWZYvqo/85M0EitkFa8SEEEMECt4w=
github.com/cdktf/cdktf-provider-docker-go/docker/v8 v8.0.0 h1:JCTTeXMHWr5emmbVmBNXOIijhGqqgX8VZFdhhac2BfU=
github.com/cdktf/cdktf-provider-docker-go/docker/v8 v8.0.0/go.mod h1:rVj1mW5FfD0u6EOdIL1Gh8dhAm6k1fGI9Qx0sY+JQZA=
github.com/davecgh/go-spew v1.1.1/go.mod h1:J7Y8YcW2NihsgmVo/mv3lAwl/skON4iLHjSsI+c5H38=
github.com/hashicorp/terraform-cdk-go/cdktf v0.17.1 h1:7Tb3LRKV70BbZ5KFa6EXGqZpOY0og+Z0tDqQ40Jis+s=
github.com/hashicorp/terraform-cdk-go/cdktf v0.17.1/go.mod h1:exxuKwmY9xCWcBjkjgUtm2HNtyoSmZKHxWamp0db2W8=
github.com/pmezard/go-difflib v1.0.0/go.mod h1:iKH77koFhYxTK1pcRnkKkqfTogsbg7gZNVY4sRDYZ/4=
github.com/yuin/goldmark v1.4.13/go.mod h1:6yULJ656Px+3vBD8DxQVa3kxgyrAnzto9xy5taEt/CY=
golang.org/x/lint v0.0.0-20210508222113-6edffad5e616/go.mod h1:3xt1FjdF8hUf6vQPIChWIBhFzV8gjjsPE/fR3IyQdNY=
gopkg.in/yaml.v3 v3.0.1/go.mod h1:K4uyk7z7BCEPqu6E+C64Yfv1cQ7kz7rIZviUmN+EgEM=
